
Microsoft Visual Studio Solution File, Format Version 12.00
# Visual Studio 15
VisualStudioVersion = 15.0.28307.1022
MinimumVisualStudioVersion = 10.0.40219.1
Project("{FAE04EC0-301F-11D3-BF4B-00C04F79EFBC}") = "ExcelTools", "ExcelTools\ExcelTools.csproj", "{5ED01482-2131-412B-93C1-2226A8E4DD1E}"
EndProject
Project("{FAE04EC0-301F-11D3-BF4B-00C04F79EFBC}") = "ExcelToolTest", "ExcelToolTest\ExcelToolTest.csproj", "{20E4E238-FBDD-4189-89E3-4DEC3898D958}"
EndProject
Global
	GlobalSection(SolutionConfigurationPlatforms) = preSolution
		Debug|Any CPU = Debug|Any CPU
		Release|Any CPU = Release|Any CPU
	EndGlobalSection
	GlobalSection(ProjectConfigurationPlatforms) = postSolution
		{5ED01482-2131-412B-93C1-2226A8E4DD1E}.Debug|Any CPU.ActiveCfg = Debug|Any CPU
		{5ED01482-2131-412B-93C1-2226A8E4DD1E}.Debug|Any CPU.Build.0 = Debug|Any CPU
		{5ED01482-2131-412B-93C1-2226A8E4DD1E}.Release|Any CPU.ActiveCfg = Release|Any CPU
		{5ED01482-2131-412B-93C1-2226A8E4DD1E}.Release|Any CPU.Build.0 = Release|Any CPU
		{20E4E238-FBDD-4189-89E3-4DEC3898D958}.Debug|Any CPU.ActiveCfg = Debug|Any CPU
		{20E4E238-FBDD-4189-89E3-4DEC3898D958}.Debug|Any CPU.Build.0 = Debug|Any CPU
		{20E4E238-FBDD-4189-89E3-4DEC3898D958}.Release|Any CPU.ActiveCfg = Release|Any CPU
		{20E4E238-FBDD-4189-89E3-4DEC3898D958}.Release|Any CPU.Build.0 = Release|Any CPU
	EndGlobalSection
	GlobalSection(SolutionProperties) = preSolution
		HideSolutionNode = FALSE
	EndGlobalSection
	GlobalSection(ExtensibilityGlobals) = postSolution
		SolutionGuid = {6A908C7B-F084-452F-BFCB-F067879121E8}
	EndGlobalSection
EndGlobal
